PODS:
  - Astro (0.7.0):
    - Astro/Logging (= 0.7.0)
    - Astro/Networking (= 0.7.0)
    - Astro/Security (= 0.7.0)
    - Astro/UI (= 0.7.0)
    - Astro/Utils (= 0.7.0)
  - Astro/Logging (0.7.0)
  - Astro/Networking (0.7.0)
  - Astro/Security (0.7.0):
    - Astro/Logging
  - Astro/UI (0.7.0)
  - Astro/Utils (0.7.0)
  - Nimble (3.2.0)
  - Quick (0.9.1)

DEPENDENCIES:
  - Astro (from `.`)
  - Nimble
  - Quick

EXTERNAL SOURCES:
  Astro:
    :path: .

SPEC CHECKSUMS:
  Astro: 9db2d1b717b383e9eb5e3b59d2f2f9234a9c39ac
  Nimble: 703854335d181df169bbca9c97117b5cf8c47c1d
  Quick: a5221fc21788b6aeda934805e68b061839bc3165

COCOAPODS: 0.39.0
