PODS:
  - Astro (0.3.0):
    - Astro/Logging (= 0.3.0)
    - Astro/Networking (= 0.3.0)
    - Astro/Security (= 0.3.0)
    - Astro/UI (= 0.3.0)
  - Astro/Logging (0.3.0)
  - Astro/Networking (0.3.0)
  - Astro/Security (0.3.0)
  - Astro/UI (0.3.0)
  - Nimble (3.0.0)
  - Quick (0.8.0)

DEPENDENCIES:
  - Astro (from `.`)
  - Nimble
  - Quick

EXTERNAL SOURCES:
  Astro:
    :path: .

SPEC CHECKSUMS:
  Astro: ddade9a09271eb51724c53feaf3e64a0686ec74e
  Nimble: 4c353d43735b38b545cbb4cb91504588eb5de926
  Quick: 563d0f6ec5f72e394645adb377708639b7dd38ab

COCOAPODS: 0.39.0
