// !$*UTF8*$!
{
	archiveVersion = 1;
	classes = {
	};
	objectVersion = 46;
	objects = {

/* Begin PBXBuildFile section */
		2E9342BC5B4FE98B693084A6 /* UIView+AstroGadgetsSpec.swift in Sources */ = {isa = PBXBuildFile; fileRef = 2E93428725B0114A0FC9064E /* UIView+AstroGadgetsSpec.swift */; };
		2E9345EE0AEB18FB859A8D06 /* UIView+AstroGadgets.swift in Sources */ = {isa = PBXBuildFile; fileRef = 2E93420DB2E8AE3339E2E9C0 /* UIView+AstroGadgets.swift */; };
		2E934B8A416AF015C76347DC /* UIViewController+AstroGadgets.swift in Sources */ = {isa = PBXBuildFile; fileRef = 2E9348D0FB90D68FC7E5C3D7 /* UIViewController+AstroGadgets.swift */; };
		2E934D1B02F8932284DCF220 /* UIViewController+AstroGadgetsSpec.swift in Sources */ = {isa = PBXBuildFile; fileRef = 2E9348C107F407A4402AB69F /* UIViewController+AstroGadgetsSpec.swift */; };
		3F78B5501CC35D4900A0E30C /* Queue.swift in Sources */ = {isa = PBXBuildFile; fileRef = 3F78B54F1CC35D4900A0E30C /* Queue.swift */; };
		535DF10A1C87864E00961785 /* LayoutLabel.swift in Sources */ = {isa = PBXBuildFile; fileRef = 535DF1091C87864E00961785 /* LayoutLabel.swift */; };
		535DF10C1C87886500961785 /* LayoutLabelSpec.swift in Sources */ = {isa = PBXBuildFile; fileRef = 535DF10B1C87886500961785 /* LayoutLabelSpec.swift */; };
		63379D7F1C063B8800DDD95B /* KeychainAccess.swift in Sources */ = {isa = PBXBuildFile; fileRef = 63379D7E1C063B8800DDD95B /* KeychainAccess.swift */; };
		63379D811C063BA900DDD95B /* KeychainAccessSpec.swift in Sources */ = {isa = PBXBuildFile; fileRef = 63379D801C063BA900DDD95B /* KeychainAccessSpec.swift */; };
		6367D7851C0BCC6C0045BDFE /* testdata.json in Resources */ = {isa = PBXBuildFile; fileRef = 6367D7841C0BCC6C0045BDFE /* testdata.json */; };
		638C62521BD454FD0004ECE1 /* Astro.framework in Frameworks */ = {isa = PBXBuildFile; fileRef = 638C62471BD454FD0004ECE1 /* Astro.framework */; };
		835932AC62597B13CED887E4 /* ComparableSpec.swift in Sources */ = {isa = PBXBuildFile; fileRef = 83593E90B43887E2AE664086 /* ComparableSpec.swift */; };
		835937E4D0DE85A9286BACC6 /* Comparable.swift in Sources */ = {isa = PBXBuildFile; fileRef = 83593EEFC7D26F39183B2AE1 /* Comparable.swift */; };
		B4B3605221B725A800B7038F /* UIImage+AstroGadgets.swift in Sources */ = {isa = PBXBuildFile; fileRef = B4B3605121B725A800B7038F /* UIImage+AstroGadgets.swift */; };
		B4B3605521B725B600B7038F /* Array+AstroGadgets.swift in Sources */ = {isa = PBXBuildFile; fileRef = B4B3605321B725B600B7038F /* Array+AstroGadgets.swift */; };
		B4B3605621B725B600B7038F /* Bundle+AstroGadgets.swift in Sources */ = {isa = PBXBuildFile; fileRef = B4B3605421B725B600B7038F /* Bundle+AstroGadgets.swift */; };
		B69726CE1BD9162F0047EEB9 /* LoggerSpec.swift in Sources */ = {isa = PBXBuildFile; fileRef = B69726CD1BD9162F0047EEB9 /* LoggerSpec.swift */; };
		CA1EF8AF2182AA7400554392 /* IdentifiableType.swift in Sources */ = {isa = PBXBuildFile; fileRef = CA1EF8AE2182AA7400554392 /* IdentifiableType.swift */; };
		CA5380CB1C5C195900204A68 /* UIColor+AstroGadgets.swift in Sources */ = {isa = PBXBuildFile; fileRef = CA5380CA1C5C195900204A68 /* UIColor+AstroGadgets.swift */; };
		CA5380CD1C5C196E00204A68 /* UIColor+AstroGadgetsSpec.swift in Sources */ = {isa = PBXBuildFile; fileRef = CA5380CC1C5C196E00204A68 /* UIColor+AstroGadgetsSpec.swift */; };
		CA663428219A55C400C90ECE /* Sequence.swift in Sources */ = {isa = PBXBuildFile; fileRef = CA663427219A55C400C90ECE /* Sequence.swift */; };
		CA66342E219A5C6E00C90ECE /* SequenceSpec.swift in Sources */ = {isa = PBXBuildFile; fileRef = CA66342D219A5C6E00C90ECE /* SequenceSpec.swift */; };
		CAB40CD1215313F5008CBE6B /* UIStoryboard+AstroGadgets.swift in Sources */ = {isa = PBXBuildFile; fileRef = CAB40CD0215313F5008CBE6B /* UIStoryboard+AstroGadgets.swift */; };
		CAB40CD32153149F008CBE6B /* MKMapView+AstroGadgets.swift in Sources */ = {isa = PBXBuildFile; fileRef = CAB40CD22153149F008CBE6B /* MKMapView+AstroGadgets.swift */; };
		CAEDCACF21892A600050AF0C /* Change.swift in Sources */ = {isa = PBXBuildFile; fileRef = CAEDCACE21892A600050AF0C /* Change.swift */; };
		D0C3176529877E28CFD27E77 /* Log.swift in Sources */ = {isa = PBXBuildFile; fileRef = D0C31A257874127AD224738D /* Log.swift */; };
		D6F831A48F327D5367262464 /* Pods_AstroTests.framework in Frameworks */ = {isa = PBXBuildFile; fileRef = 2D24B772E4EC6454D9C2C893 /* Pods_AstroTests.framework */; };
		E62F9D1C1D62264F005402BF /* UICollectionView+AstroGadgets.swift in Sources */ = {isa = PBXBuildFile; fileRef = E62F9D1B1D62264F005402BF /* UICollectionView+AstroGadgets.swift */; };
		E62F9D1E1D6227DE005402BF /* UITableView+AstroGadgets.swift in Sources */ = {isa = PBXBuildFile; fileRef = E62F9D1D1D6227DE005402BF /* UITableView+AstroGadgets.swift */; };
		E62F9D221D623675005402BF /* ReusableViewSpec.swift in Sources */ = {isa = PBXBuildFile; fileRef = E62F9D211D623675005402BF /* ReusableViewSpec.swift */; };
		E665B02B1D35BB4B0099C89E /* NibLoadableView.swift in Sources */ = {isa = PBXBuildFile; fileRef = E665B02A1D35BB4B0099C89E /* NibLoadableView.swift */; };
		E6D5F8841D35B55600CB4D5F /* ReusableView.swift in Sources */ = {isa = PBXBuildFile; fileRef = E6D5F8831D35B55600CB4D5F /* ReusableView.swift */; };
		E6F32EE51D6264FE00D31F64 /* NibLoadableViewSpec.swift in Sources */ = {isa = PBXBuildFile; fileRef = E6F32EE41D6264FE00D31F64 /* NibLoadableViewSpec.swift */; };
		F454FB4E1A6FC16378B23DF1 /* Pods_Astro.framework in Frameworks */ = {isa = PBXBuildFile; fileRef = 273FFD8472B2BF5BD8B6DF9F /* Pods_Astro.framework */; };
/* End PBXBuildFile section */

/* Begin PBXContainerItemProxy section */
		638C62531BD454FD0004ECE1 /* PBXContainerItemProxy */ = {
			isa = PBXContainerItemProxy;
			containerPortal = 638C623E1BD454FD0004ECE1 /* Project object */;
			proxyType = 1;
			remoteGlobalIDString = 638C62461BD454FD0004ECE1;
			remoteInfo = Astro;
		};
/* End PBXContainerItemProxy section */

/* Begin PBXFileReference section */
		1FF6722A4F1235471A201686 /* Pods-AstroTests.release.xcconfig */ = {isa = PBXFileReference; includeInIndex = 1; lastKnownFileType = text.xcconfig; name = "Pods-AstroTests.release.xcconfig"; path = "Pods/Target Support Files/Pods-AstroTests/Pods-AstroTests.release.xcconfig"; sourceTree = "<group>"; };
		273FFD8472B2BF5BD8B6DF9F /* Pods_Astro.framework */ = {isa = PBXFileReference; explicitFileType = wrapper.framework; includeInIndex = 0; path = Pods_Astro.framework; sourceTree = BUILT_PRODUCTS_DIR; };
		2D24B772E4EC6454D9C2C893 /* Pods_AstroTests.framework */ = {isa = PBXFileReference; explicitFileType = wrapper.framework; includeInIndex = 0; path = Pods_AstroTests.framework; sourceTree = BUILT_PRODUCTS_DIR; };
		2E93420DB2E8AE3339E2E9C0 /* UIView+AstroGadgets.swift */ = {isa = PBXFileReference; fileEncoding = 4; lastKnownFileType = sourcecode.swift; path = "UIView+AstroGadgets.swift"; sourceTree = "<group>"; };
		2E93428725B0114A0FC9064E /* UIView+AstroGadgetsSpec.swift */ = {isa = PBXFileReference; fileEncoding = 4; lastKnownFileType = sourcecode.swift; path = "UIView+AstroGadgetsSpec.swift"; sourceTree = "<group>"; };
		2E9348C107F407A4402AB69F /* UIViewController+AstroGadgetsSpec.swift */ = {isa = PBXFileReference; fileEncoding = 4; lastKnownFileType = sourcecode.swift; path = "UIViewController+AstroGadgetsSpec.swift"; sourceTree = "<group>"; };
		2E9348D0FB90D68FC7E5C3D7 /* UIViewController+AstroGadgets.swift */ = {isa = PBXFileReference; fileEncoding = 4; lastKnownFileType = sourcecode.swift; path = "UIViewController+AstroGadgets.swift"; sourceTree = "<group>"; };
		3F78B54F1CC35D4900A0E30C /* Queue.swift */ = {isa = PBXFileReference; fileEncoding = 4; lastKnownFileType = sourcecode.swift; name = Queue.swift; path = Utils/Queue.swift; sourceTree = "<group>"; };
		535DF1091C87864E00961785 /* LayoutLabel.swift */ = {isa = PBXFileReference; fileEncoding = 4; lastKnownFileType = sourcecode.swift; path = LayoutLabel.swift; sourceTree = "<group>"; };
		535DF10B1C87886500961785 /* LayoutLabelSpec.swift */ = {isa = PBXFileReference; fileEncoding = 4; lastKnownFileType = sourcecode.swift; path = LayoutLabelSpec.swift; sourceTree = "<group>"; };
		63379D7E1C063B8800DDD95B /* KeychainAccess.swift */ = {isa = PBXFileReference; fileEncoding = 4; lastKnownFileType = sourcecode.swift; name = KeychainAccess.swift; path = Security/KeychainAccess.swift; sourceTree = "<group>"; };
		63379D801C063BA900DDD95B /* KeychainAccessSpec.swift */ = {isa = PBXFileReference; fileEncoding = 4; lastKnownFileType = sourcecode.swift; name = KeychainAccessSpec.swift; path = Security/KeychainAccessSpec.swift; sourceTree = "<group>"; };
		6367D7841C0BCC6C0045BDFE /* testdata.json */ = {isa = PBXFileReference; fileEncoding = 4; lastKnownFileType = text.json; path = testdata.json; sourceTree = "<group>"; };
		638C62471BD454FD0004ECE1 /* Astro.framework */ = {isa = PBXFileReference; explicitFileType = wrapper.framework; includeInIndex = 0; path = Astro.framework; sourceTree = BUILT_PRODUCTS_DIR; };
		638C624C1BD454FD0004ECE1 /* Info.plist */ = {isa = PBXFileReference; lastKnownFileType = text.plist.xml; path = Info.plist; sourceTree = "<group>"; };
		638C62511BD454FD0004ECE1 /* AstroTests.xctest */ = {isa = PBXFileReference; explicitFileType = wrapper.cfbundle; includeInIndex = 0; path = AstroTests.xctest; sourceTree = BUILT_PRODUCTS_DIR; };
		638C62581BD454FD0004ECE1 /* Info.plist */ = {isa = PBXFileReference; lastKnownFileType = text.plist.xml; path = Info.plist; sourceTree = "<group>"; };
		7CC6FB4E4A3FE9D093738307 /* Pods-AstroTests.debug.xcconfig */ = {isa = PBXFileReference; includeInIndex = 1; lastKnownFileType = text.xcconfig; name = "Pods-AstroTests.debug.xcconfig"; path = "Pods/Target Support Files/Pods-AstroTests/Pods-AstroTests.debug.xcconfig"; sourceTree = "<group>"; };
		83593E90B43887E2AE664086 /* ComparableSpec.swift */ = {isa = PBXFileReference; fileEncoding = 4; lastKnownFileType = sourcecode.swift; path = ComparableSpec.swift; sourceTree = "<group>"; };
		83593EEFC7D26F39183B2AE1 /* Comparable.swift */ = {isa = PBXFileReference; fileEncoding = 4; lastKnownFileType = sourcecode.swift; name = Comparable.swift; path = Utils/Comparable.swift; sourceTree = "<group>"; };
		B4B3605121B725A800B7038F /* UIImage+AstroGadgets.swift */ = {isa = PBXFileReference; fileEncoding = 4; lastKnownFileType = sourcecode.swift; path = "UIImage+AstroGadgets.swift"; sourceTree = "<group>"; };
		B4B3605321B725B600B7038F /* Array+AstroGadgets.swift */ = {isa = PBXFileReference; fileEncoding = 4; lastKnownFileType = sourcecode.swift; name = "Array+AstroGadgets.swift"; path = "Utils/Array+AstroGadgets.swift"; sourceTree = "<group>"; };
		B4B3605421B725B600B7038F /* Bundle+AstroGadgets.swift */ = {isa = PBXFileReference; fileEncoding = 4; lastKnownFileType = sourcecode.swift; name = "Bundle+AstroGadgets.swift"; path = "Utils/Bundle+AstroGadgets.swift"; sourceTree = "<group>"; };
		B69726CD1BD9162F0047EEB9 /* LoggerSpec.swift */ = {isa = PBXFileReference; fileEncoding = 4; lastKnownFileType = sourcecode.swift; path = LoggerSpec.swift; sourceTree = "<group>"; };
		BD62EA471C929BF0004A02DF /* EnumCountable.swift */ = {isa = PBXFileReference; fileEncoding = 4; lastKnownFileType = sourcecode.swift; name = EnumCountable.swift; path = Utils/EnumCountable.swift; sourceTree = "<group>"; };
		BD95704572604E86D00F715F /* Pods-Astro.release.xcconfig */ = {isa = PBXFileReference; includeInIndex = 1; lastKnownFileType = text.xcconfig; name = "Pods-Astro.release.xcconfig"; path = "Pods/Target Support Files/Pods-Astro/Pods-Astro.release.xcconfig"; sourceTree = "<group>"; };
		CA1EF8AE2182AA7400554392 /* IdentifiableType.swift */ = {isa = PBXFileReference; lastKnownFileType = sourcecode.swift; path = IdentifiableType.swift; sourceTree = "<group>"; };
		CA5380CA1C5C195900204A68 /* UIColor+AstroGadgets.swift */ = {isa = PBXFileReference; fileEncoding = 4; lastKnownFileType = sourcecode.swift; path = "UIColor+AstroGadgets.swift"; sourceTree = "<group>"; };
		CA5380CC1C5C196E00204A68 /* UIColor+AstroGadgetsSpec.swift */ = {isa = PBXFileReference; fileEncoding = 4; lastKnownFileType = sourcecode.swift; path = "UIColor+AstroGadgetsSpec.swift"; sourceTree = "<group>"; };
		CA663427219A55C400C90ECE /* Sequence.swift */ = {isa = PBXFileReference; lastKnownFileType = sourcecode.swift; name = Sequence.swift; path = Utils/Sequence.swift; sourceTree = "<group>"; };
		CA66342D219A5C6E00C90ECE /* SequenceSpec.swift */ = {isa = PBXFileReference; lastKnownFileType = sourcecode.swift; path = SequenceSpec.swift; sourceTree = "<group>"; };
		CAB40CD0215313F5008CBE6B /* UIStoryboard+AstroGadgets.swift */ = {isa = PBXFileReference; lastKnownFileType = sourcecode.swift; path = "UIStoryboard+AstroGadgets.swift"; sourceTree = "<group>"; };
		CAB40CD22153149F008CBE6B /* MKMapView+AstroGadgets.swift */ = {isa = PBXFileReference; lastKnownFileType = sourcecode.swift; path = "MKMapView+AstroGadgets.swift"; sourceTree = "<group>"; };
		CAEDCACE21892A600050AF0C /* Change.swift */ = {isa = PBXFileReference; lastKnownFileType = sourcecode.swift; name = Change.swift; path = Utils/Change.swift; sourceTree = "<group>"; };
		D0C31A257874127AD224738D /* Log.swift */ = {isa = PBXFileReference; fileEncoding = 4; lastKnownFileType = sourcecode.swift; path = Log.swift; sourceTree = "<group>"; };
		D5D8E2A7279FA75989658B29 /* Pods-Astro.debug.xcconfig */ = {isa = PBXFileReference; includeInIndex = 1; lastKnownFileType = text.xcconfig; name = "Pods-Astro.debug.xcconfig"; path = "Pods/Target Support Files/Pods-Astro/Pods-Astro.debug.xcconfig"; sourceTree = "<group>"; };
		E62F9D1B1D62264F005402BF /* UICollectionView+AstroGadgets.swift */ = {isa = PBXFileReference; fileEncoding = 4; lastKnownFileType = sourcecode.swift; path = "UICollectionView+AstroGadgets.swift"; sourceTree = "<group>"; };
		E62F9D1D1D6227DE005402BF /* UITableView+AstroGadgets.swift */ = {isa = PBXFileReference; fileEncoding = 4; lastKnownFileType = sourcecode.swift; path = "UITableView+AstroGadgets.swift"; sourceTree = "<group>"; };
		E62F9D211D623675005402BF /* ReusableViewSpec.swift */ = {isa = PBXFileReference; fileEncoding = 4; lastKnownFileType = sourcecode.swift; path = ReusableViewSpec.swift; sourceTree = "<group>"; };
		E665B02A1D35BB4B0099C89E /* NibLoadableView.swift */ = {isa = PBXFileReference; fileEncoding = 4; lastKnownFileType = sourcecode.swift; path = NibLoadableView.swift; sourceTree = "<group>"; };
		E6D5F8831D35B55600CB4D5F /* ReusableView.swift */ = {isa = PBXFileReference; fileEncoding = 4; lastKnownFileType = sourcecode.swift; path = ReusableView.swift; sourceTree = "<group>"; };
		E6F32EE41D6264FE00D31F64 /* NibLoadableViewSpec.swift */ = {isa = PBXFileReference; fileEncoding = 4; lastKnownFileType = sourcecode.swift; path = NibLoadableViewSpec.swift; sourceTree = "<group>"; };
/* End PBXFileReference section */

/* Begin PBXFrameworksBuildPhase section */
		638C62431BD454FD0004ECE1 /* Frameworks */ = {
			isa = PBXFrameworksBuildPhase;
			buildActionMask = 2147483647;
			files = (
				F454FB4E1A6FC16378B23DF1 /* Pods_Astro.framework in Frameworks */,
			);
			runOnlyForDeploymentPostprocessing = 0;
		};
		638C624E1BD454FD0004ECE1 /* Frameworks */ = {
			isa = PBXFrameworksBuildPhase;
			buildActionMask = 2147483647;
			files = (
				638C62521BD454FD0004ECE1 /* Astro.framework in Frameworks */,
				D6F831A48F327D5367262464 /* Pods_AstroTests.framework in Frameworks */,
			);
			runOnlyForDeploymentPostprocessing = 0;
		};
/* End PBXFrameworksBuildPhase section */

/* Begin PBXGroup section */
		2E934A2D9C9120E1AF7D0556 /* UI */ = {
			isa = PBXGroup;
			children = (
				CA5380CA1C5C195900204A68 /* UIColor+AstroGadgets.swift */,
				B4B3605121B725A800B7038F /* UIImage+AstroGadgets.swift */,
				2E93420DB2E8AE3339E2E9C0 /* UIView+AstroGadgets.swift */,
				E62F9D1B1D62264F005402BF /* UICollectionView+AstroGadgets.swift */,
				E62F9D1D1D6227DE005402BF /* UITableView+AstroGadgets.swift */,
				2E9348D0FB90D68FC7E5C3D7 /* UIViewController+AstroGadgets.swift */,
				CAB40CD0215313F5008CBE6B /* UIStoryboard+AstroGadgets.swift */,
				CAB40CD22153149F008CBE6B /* MKMapView+AstroGadgets.swift */,
				535DF1091C87864E00961785 /* LayoutLabel.swift */,
				CA1EF8AE2182AA7400554392 /* IdentifiableType.swift */,
				E6D5F8831D35B55600CB4D5F /* ReusableView.swift */,
				E665B02A1D35BB4B0099C89E /* NibLoadableView.swift */,
			);
			path = UI;
			sourceTree = "<group>";
		};
		2E934BF4A4C69C31C5403859 /* UI */ = {
			isa = PBXGroup;
			children = (
				2E93428725B0114A0FC9064E /* UIView+AstroGadgetsSpec.swift */,
				2E9348C107F407A4402AB69F /* UIViewController+AstroGadgetsSpec.swift */,
				CA5380CC1C5C196E00204A68 /* UIColor+AstroGadgetsSpec.swift */,
				535DF10B1C87886500961785 /* LayoutLabelSpec.swift */,
				E62F9D211D623675005402BF /* ReusableViewSpec.swift */,
				E6F32EE41D6264FE00D31F64 /* NibLoadableViewSpec.swift */,
			);
			path = UI;
			sourceTree = "<group>";
		};
		2E934C6B173CE2849F181E64 /* Unit Tests */ = {
			isa = PBXGroup;
			children = (
				D0C31C4EC3779F933478EE7E /* Logging */,
				63379D771C06394900DDD95B /* Security */,
				2E934BF4A4C69C31C5403859 /* UI */,
				BD62EA491C929C04004A02DF /* Utils */,
			);
			path = "Unit Tests";
			sourceTree = "<group>";
		};
		63379D741C0638C900DDD95B /* Security */ = {
			isa = PBXGroup;
			children = (
				63379D7E1C063B8800DDD95B /* KeychainAccess.swift */,
			);
			name = Security;
			sourceTree = "<group>";
		};
		63379D771C06394900DDD95B /* Security */ = {
			isa = PBXGroup;
			children = (
				63379D801C063BA900DDD95B /* KeychainAccessSpec.swift */,
			);
			name = Security;
			sourceTree = "<group>";
		};
		6367D7831C0BCC6C0045BDFE /* Supporting Files */ = {
			isa = PBXGroup;
			children = (
				6367D7841C0BCC6C0045BDFE /* testdata.json */,
			);
			path = "Supporting Files";
			sourceTree = "<group>";
		};
		638C623D1BD454FD0004ECE1 = {
			isa = PBXGroup;
			children = (
				638C62491BD454FD0004ECE1 /* Astro */,
				638C62551BD454FD0004ECE1 /* AstroTests */,
				638C62481BD454FD0004ECE1 /* Products */,
				D313362ACAA8672CCBFCCCCC /* Pods */,
				C03FAE7E5E2D5A7C58BAD5ED /* Frameworks */,
			);
			sourceTree = "<group>";
		};
		638C62481BD454FD0004ECE1 /* Products */ = {
			isa = PBXGroup;
			children = (
				638C62471BD454FD0004ECE1 /* Astro.framework */,
				638C62511BD454FD0004ECE1 /* AstroTests.xctest */,
			);
			name = Products;
			sourceTree = "<group>";
		};
		638C62491BD454FD0004ECE1 /* Astro */ = {
			isa = PBXGroup;
			children = (
				638C624C1BD454FD0004ECE1 /* Info.plist */,
				D0C315CE2C98B7DA62D463A3 /* Logging */,
				63379D741C0638C900DDD95B /* Security */,
				2E934A2D9C9120E1AF7D0556 /* UI */,
				BD62EA461C928F6C004A02DF /* Utils */,
			);
			path = Astro;
			sourceTree = "<group>";
		};
		638C62551BD454FD0004ECE1 /* AstroTests */ = {
			isa = PBXGroup;
			children = (
				6367D7831C0BCC6C0045BDFE /* Supporting Files */,
				2E934C6B173CE2849F181E64 /* Unit Tests */,
				638C62581BD454FD0004ECE1 /* Info.plist */,
			);
			path = AstroTests;
			sourceTree = "<group>";
		};
		BD62EA461C928F6C004A02DF /* Utils */ = {
			isa = PBXGroup;
			children = (
				B4B3605321B725B600B7038F /* Array+AstroGadgets.swift */,
				B4B3605421B725B600B7038F /* Bundle+AstroGadgets.swift */,
				3F78B54F1CC35D4900A0E30C /* Queue.swift */,
				BD62EA471C929BF0004A02DF /* EnumCountable.swift */,
				83593EEFC7D26F39183B2AE1 /* Comparable.swift */,
				CAEDCACE21892A600050AF0C /* Change.swift */,
				CA663427219A55C400C90ECE /* Sequence.swift */,
			);
			name = Utils;
			sourceTree = "<group>";
		};
		BD62EA491C929C04004A02DF /* Utils */ = {
			isa = PBXGroup;
			children = (
				83593E90B43887E2AE664086 /* ComparableSpec.swift */,
				CA66342D219A5C6E00C90ECE /* SequenceSpec.swift */,
			);
			path = Utils;
			sourceTree = "<group>";
		};
		C03FAE7E5E2D5A7C58BAD5ED /* Frameworks */ = {
			isa = PBXGroup;
			children = (
				2D24B772E4EC6454D9C2C893 /* Pods_AstroTests.framework */,
				273FFD8472B2BF5BD8B6DF9F /* Pods_Astro.framework */,
			);
			name = Frameworks;
			sourceTree = "<group>";
		};
		D0C315CE2C98B7DA62D463A3 /* Logging */ = {
			isa = PBXGroup;
			children = (
				D0C31A257874127AD224738D /* Log.swift */,
			);
			path = Logging;
			sourceTree = "<group>";
		};
		D0C31C4EC3779F933478EE7E /* Logging */ = {
			isa = PBXGroup;
			children = (
				B69726CD1BD9162F0047EEB9 /* LoggerSpec.swift */,
			);
			path = Logging;
			sourceTree = "<group>";
		};
		D313362ACAA8672CCBFCCCCC /* Pods */ = {
			isa = PBXGroup;
			children = (
				7CC6FB4E4A3FE9D093738307 /* Pods-AstroTests.debug.xcconfig */,
				1FF6722A4F1235471A201686 /* Pods-AstroTests.release.xcconfig */,
				D5D8E2A7279FA75989658B29 /* Pods-Astro.debug.xcconfig */,
				BD95704572604E86D00F715F /* Pods-Astro.release.xcconfig */,
			);
			name = Pods;
			sourceTree = "<group>";
		};
/* End PBXGroup section */

/* Begin PBXHeadersBuildPhase section */
		638C62441BD454FD0004ECE1 /* Headers */ = {
			isa = PBXHeadersBuildPhase;
			buildActionMask = 2147483647;
			files = (
			);
			runOnlyForDeploymentPostprocessing = 0;
		};
/* End PBXHeadersBuildPhase section */

/* Begin PBXNativeTarget section */
		638C62461BD454FD0004ECE1 /* Astro */ = {
			isa = PBXNativeTarget;
			buildConfigurationList = 638C625B1BD454FD0004ECE1 /* Build configuration list for PBXNativeTarget "Astro" */;
			buildPhases = (
				E12FAB773EF2299A29253D6A /* [CP] Check Pods Manifest.lock */,
				638C62421BD454FD0004ECE1 /* Sources */,
				638C62431BD454FD0004ECE1 /* Frameworks */,
				638C62441BD454FD0004ECE1 /* Headers */,
				638C62451BD454FD0004ECE1 /* Resources */,
				63A5CA301F33C0E00062ED15 /* Run SwiftLint */,
			);
			buildRules = (
			);
			dependencies = (
			);
			name = Astro;
			productName = Astro;
			productReference = 638C62471BD454FD0004ECE1 /* Astro.framework */;
			productType = "com.apple.product-type.framework";
		};
		638C62501BD454FD0004ECE1 /* AstroTests */ = {
			isa = PBXNativeTarget;
			buildConfigurationList = 638C625E1BD454FD0004ECE1 /* Build configuration list for PBXNativeTarget "AstroTests" */;
			buildPhases = (
				C501F883BF7A2BA184E74035 /* [CP] Check Pods Manifest.lock */,
				638C624D1BD454FD0004ECE1 /* Sources */,
				638C624E1BD454FD0004ECE1 /* Frameworks */,
				638C624F1BD454FD0004ECE1 /* Resources */,
				2D428D42B6F0E93D6F4FB498 /* [CP] Embed Pods Frameworks */,
			);
			buildRules = (
			);
			dependencies = (
				638C62541BD454FD0004ECE1 /* PBXTargetDependency */,
			);
			name = AstroTests;
			productName = AstroTests;
			productReference = 638C62511BD454FD0004ECE1 /* AstroTests.xctest */;
			productType = "com.apple.product-type.bundle.unit-test";
		};
/* End PBXNativeTarget section */

/* Begin PBXProject section */
		638C623E1BD454FD0004ECE1 /* Project object */ = {
			isa = PBXProject;
			attributes = {
				LastSwiftUpdateCheck = 0700;
				LastUpgradeCheck = 1010;
				ORGANIZATIONNAME = "Robots and Pencils";
				TargetAttributes = {
					638C62461BD454FD0004ECE1 = {
						CreatedOnToolsVersion = 7.0.1;
						LastSwiftMigration = 0900;
					};
					638C62501BD454FD0004ECE1 = {
						CreatedOnToolsVersion = 7.0.1;
						LastSwiftMigration = 1010;
					};
				};
			};
			buildConfigurationList = 638C62411BD454FD0004ECE1 /* Build configuration list for PBXProject "Astro" */;
			compatibilityVersion = "Xcode 3.2";
			developmentRegion = English;
			hasScannedForEncodings = 0;
			knownRegions = (
				en,
			);
			mainGroup = 638C623D1BD454FD0004ECE1;
			productRefGroup = 638C62481BD454FD0004ECE1 /* Products */;
			projectDirPath = "";
			projectRoot = "";
			targets = (
				638C62461BD454FD0004ECE1 /* Astro */,
				638C62501BD454FD0004ECE1 /* AstroTests */,
			);
		};
/* End PBXProject section */

/* Begin PBXResourcesBuildPhase section */
		638C62451BD454FD0004ECE1 /* Resources */ = {
			isa = PBXResourcesBuildPhase;
			buildActionMask = 2147483647;
			files = (
			);
			runOnlyForDeploymentPostprocessing = 0;
		};
		638C624F1BD454FD0004ECE1 /* Resources */ = {
			isa = PBXResourcesBuildPhase;
			buildActionMask = 2147483647;
			files = (
				6367D7851C0BCC6C0045BDFE /* testdata.json in Resources */,
			);
			runOnlyForDeploymentPostprocessing = 0;
		};
/* End PBXResourcesBuildPhase section */

/* Begin PBXShellScriptBuildPhase section */
		2D428D42B6F0E93D6F4FB498 /* [CP] Embed Pods Frameworks */ = {
			isa = PBXShellScriptBuildPhase;
			buildActionMask = 2147483647;
			files = (
			);
			inputPaths = (
				"${SRCROOT}/Pods/Target Support Files/Pods-AstroTests/Pods-AstroTests-frameworks.sh",
				"${BUILT_PRODUCTS_DIR}/Nimble/Nimble.framework",
				"${BUILT_PRODUCTS_DIR}/Quick/Quick.framework",
				"${BUILT_PRODUCTS_DIR}/Astro/Astro.framework",
			);
			name = "[CP] Embed Pods Frameworks";
			outputPaths = (
				"${TARGET_BUILD_DIR}/${FRAMEWORKS_FOLDER_PATH}/Nimble.framework",
				"${TARGET_BUILD_DIR}/${FRAMEWORKS_FOLDER_PATH}/Quick.framework",
				"${TARGET_BUILD_DIR}/${FRAMEWORKS_FOLDER_PATH}/Astro.framework",
			);
			runOnlyForDeploymentPostprocessing = 0;
			shellPath = /bin/sh;
			shellScript = "\"${SRCROOT}/Pods/Target Support Files/Pods-AstroTests/Pods-AstroTests-frameworks.sh\"\n";
			showEnvVarsInLog = 0;
		};
		63A5CA301F33C0E00062ED15 /* Run SwiftLint */ = {
			isa = PBXShellScriptBuildPhase;
			buildActionMask = 2147483647;
			files = (
			);
			inputPaths = (
			);
			name = "Run SwiftLint";
			outputPaths = (
			);
			runOnlyForDeploymentPostprocessing = 0;
			shellPath = /bin/sh;
			shellScript = "\"${PODS_ROOT}\"/SwiftLint/swiftlint lint --config \".swiftlint.yml\"";
		};
		C501F883BF7A2BA184E74035 /* [CP] Check Pods Manifest.lock */ = {
			isa = PBXShellScriptBuildPhase;
			buildActionMask = 2147483647;
			files = (
			);
			inputPaths = (
				"${PODS_PODFILE_DIR_PATH}/Podfile.lock",
				"${PODS_ROOT}/Manifest.lock",
			);
			name = "[CP] Check Pods Manifest.lock";
			outputPaths = (
				"$(DERIVED_FILE_DIR)/Pods-AstroTests-checkManifestLockResult.txt",
			);
			runOnlyForDeploymentPostprocessing = 0;
			shellPath = /bin/sh;
			shellScript = "diff \"${PODS_PODFILE_DIR_PATH}/Podfile.lock\" \"${PODS_ROOT}/Manifest.lock\" > /dev/null\nif [ $? != 0 ] ; then\n    # print error to STDERR\n    echo \"error: The sandbox is not in sync with the Podfile.lock. Run 'pod install' or update your CocoaPods installation.\" >&2\n    exit 1\nfi\n# This output is used by Xcode 'outputs' to avoid re-running this script phase.\necho \"SUCCESS\" > \"${SCRIPT_OUTPUT_FILE_0}\"\n";
			showEnvVarsInLog = 0;
		};
		E12FAB773EF2299A29253D6A /* [CP] Check Pods Manifest.lock */ = {
			isa = PBXShellScriptBuildPhase;
			buildActionMask = 2147483647;
			files = (
			);
			inputPaths = (
				"${PODS_PODFILE_DIR_PATH}/Podfile.lock",
				"${PODS_ROOT}/Manifest.lock",
			);
			name = "[CP] Check Pods Manifest.lock";
			outputPaths = (
				"$(DERIVED_FILE_DIR)/Pods-Astro-checkManifestLockResult.txt",
			);
			runOnlyForDeploymentPostprocessing = 0;
			shellPath = /bin/sh;
			shellScript = "diff \"${PODS_PODFILE_DIR_PATH}/Podfile.lock\" \"${PODS_ROOT}/Manifest.lock\" > /dev/null\nif [ $? != 0 ] ; then\n    # print error to STDERR\n    echo \"error: The sandbox is not in sync with the Podfile.lock. Run 'pod install' or update your CocoaPods installation.\" >&2\n    exit 1\nfi\n# This output is used by Xcode 'outputs' to avoid re-running this script phase.\necho \"SUCCESS\" > \"${SCRIPT_OUTPUT_FILE_0}\"\n";
			showEnvVarsInLog = 0;
		};
/* End PBXShellScriptBuildPhase section */

/* Begin PBXSourcesBuildPhase section */
		638C62421BD454FD0004ECE1 /* Sources */ = {
			isa = PBXSourcesBuildPhase;
			buildActionMask = 2147483647;
			files = (
				CAB40CD32153149F008CBE6B /* MKMapView+AstroGadgets.swift in Sources */,
				B4B3605621B725B600B7038F /* Bundle+AstroGadgets.swift in Sources */,
				535DF10A1C87864E00961785 /* LayoutLabel.swift in Sources */,
				CA1EF8AF2182AA7400554392 /* IdentifiableType.swift in Sources */,
				CAB40CD1215313F5008CBE6B /* UIStoryboard+AstroGadgets.swift in Sources */,
				CA663428219A55C400C90ECE /* Sequence.swift in Sources */,
				E6D5F8841D35B55600CB4D5F /* ReusableView.swift in Sources */,
				2E9345EE0AEB18FB859A8D06 /* UIView+AstroGadgets.swift in Sources */,
				2E934B8A416AF015C76347DC /* UIViewController+AstroGadgets.swift in Sources */,
				B4B3605521B725B600B7038F /* Array+AstroGadgets.swift in Sources */,
				63379D7F1C063B8800DDD95B /* KeychainAccess.swift in Sources */,
				D0C3176529877E28CFD27E77 /* Log.swift in Sources */,
				B4B3605221B725A800B7038F /* UIImage+AstroGadgets.swift in Sources */,
				E62F9D1E1D6227DE005402BF /* UITableView+AstroGadgets.swift in Sources */,
				E665B02B1D35BB4B0099C89E /* NibLoadableView.swift in Sources */,
				E62F9D1C1D62264F005402BF /* UICollectionView+AstroGadgets.swift in Sources */,
				3F78B5501CC35D4900A0E30C /* Queue.swift in Sources */,
				CA5380CB1C5C195900204A68 /* UIColor+AstroGadgets.swift in Sources */,
				835937E4D0DE85A9286BACC6 /* Comparable.swift in Sources */,
				CAEDCACF21892A600050AF0C /* Change.swift in Sources */,
			);
			runOnlyForDeploymentPostprocessing = 0;
		};
		638C624D1BD454FD0004ECE1 /* Sources */ = {
			isa = PBXSourcesBuildPhase;
			buildActionMask = 2147483647;
			files = (
				535DF10C1C87886500961785 /* LayoutLabelSpec.swift in Sources */,
				2E9342BC5B4FE98B693084A6 /* UIView+AstroGadgetsSpec.swift in Sources */,
				E6F32EE51D6264FE00D31F64 /* NibLoadableViewSpec.swift in Sources */,
				63379D811C063BA900DDD95B /* KeychainAccessSpec.swift in Sources */,
				B69726CE1BD9162F0047EEB9 /* LoggerSpec.swift in Sources */,
				CA5380CD1C5C196E00204A68 /* UIColor+AstroGadgetsSpec.swift in Sources */,
				CA66342E219A5C6E00C90ECE /* SequenceSpec.swift in Sources */,
				2E934D1B02F8932284DCF220 /* UIViewController+AstroGadgetsSpec.swift in Sources */,
				E62F9D221D623675005402BF /* ReusableViewSpec.swift in Sources */,
				835932AC62597B13CED887E4 /* ComparableSpec.swift in Sources */,
			);
			runOnlyForDeploymentPostprocessing = 0;
		};
/* End PBXSourcesBuildPhase section */

/* Begin PBXTargetDependency section */
		638C62541BD454FD0004ECE1 /* PBXTargetDependency */ = {
			isa = PBXTargetDependency;
			target = 638C62461BD454FD0004ECE1 /* Astro */;
			targetProxy = 638C62531BD454FD0004ECE1 /* PBXContainerItemProxy */;
		};
/* End PBXTargetDependency section */

/* Begin XCBuildConfiguration section */
		638C62591BD454FD0004ECE1 /* Debug */ = {
			isa = XCBuildConfiguration;
			buildSettings = {
				ALWAYS_SEARCH_USER_PATHS = NO;
				APPLICATION_EXTENSION_API_ONLY = NO;
				CLANG_CXX_LANGUAGE_STANDARD = "gnu++0x";
				CLANG_CXX_LIBRARY = "libc++";
				CLANG_ENABLE_MODULES = YES;
				CLANG_ENABLE_OBJC_ARC = YES;
				CLANG_WARN_BLOCK_CAPTURE_AUTORELEASING = YES;
				CLANG_WARN_BOOL_CONVERSION = YES;
				CLANG_WARN_COMMA = YES;
				CLANG_WARN_CONSTANT_CONVERSION = YES;
				CLANG_WARN_DEPRECATED_OBJC_IMPLEMENTATIONS = YES;
				CLANG_WARN_DIRECT_OBJC_ISA_USAGE = YES_ERROR;
				CLANG_WARN_EMPTY_BODY = YES;
				CLANG_WARN_ENUM_CONVERSION = YES;
				CLANG_WARN_INFINITE_RECURSION = YES;
				CLANG_WARN_INT_CONVERSION = YES;
				CLANG_WARN_NON_LITERAL_NULL_CONVERSION = YES;
				CLANG_WARN_OBJC_IMPLICIT_RETAIN_SELF = YES;
				CLANG_WARN_OBJC_LITERAL_CONVERSION = YES;
				CLANG_WARN_OBJC_ROOT_CLASS = YES_ERROR;
				CLANG_WARN_RANGE_LOOP_ANALYSIS = YES;
				CLANG_WARN_STRICT_PROTOTYPES = YES;
				CLANG_WARN_SUSPICIOUS_MOVE = YES;
				CLANG_WARN_UNREACHABLE_CODE = YES;
				CLANG_WARN__DUPLICATE_METHOD_MATCH = YES;
				"CODE_SIGN_IDENTITY[sdk=iphoneos*]" = "iPhone Developer";
				COPY_PHASE_STRIP = NO;
				CURRENT_PROJECT_VERSION = 1;
				DEBUG_INFORMATION_FORMAT = dwarf;
				ENABLE_STRICT_OBJC_MSGSEND = YES;
				ENABLE_TESTABILITY = YES;
				GCC_C_LANGUAGE_STANDARD = gnu99;
				GCC_DYNAMIC_NO_PIC = NO;
				GCC_NO_COMMON_BLOCKS = YES;
				GCC_OPTIMIZATION_LEVEL = 0;
				GCC_PREPROCESSOR_DEFINITIONS = (
					"DEBUG=1",
					"$(inherited)",
				);
				GCC_WARN_64_TO_32_BIT_CONVERSION = YES;
				GCC_WARN_ABOUT_RETURN_TYPE = YES_ERROR;
				GCC_WARN_UNDECLARED_SELECTOR = YES;
				GCC_WARN_UNINITIALIZED_AUTOS = YES_AGGRESSIVE;
				GCC_WARN_UNUSED_FUNCTION = YES;
				GCC_WARN_UNUSED_VARIABLE = YES;
				IPHONEOS_DEPLOYMENT_TARGET = 11.4;
				MTL_ENABLE_DEBUG_INFO = YES;
				ONLY_ACTIVE_ARCH = YES;
				SDKROOT = iphoneos;
				SWIFT_OPTIMIZATION_LEVEL = "-Onone";
				SWIFT_VERSION = 4.2;
				TARGETED_DEVICE_FAMILY = "1,2";
				VERSIONING_SYSTEM = "apple-generic";
				VERSION_INFO_PREFIX = "";
			};
			name = Debug;
		};
		638C625A1BD454FD0004ECE1 /* Release */ = {
			isa = XCBuildConfiguration;
			buildSettings = {
				ALWAYS_SEARCH_USER_PATHS = NO;
				APPLICATION_EXTENSION_API_ONLY = NO;
				CLANG_CXX_LANGUAGE_STANDARD = "gnu++0x";
				CLANG_CXX_LIBRARY = "libc++";
				CLANG_ENABLE_MODULES = YES;
				CLANG_ENABLE_OBJC_ARC = YES;
				CLANG_WARN_BLOCK_CAPTURE_AUTORELEASING = YES;
				CLANG_WARN_BOOL_CONVERSION = YES;
				CLANG_WARN_COMMA = YES;
				CLANG_WARN_CONSTANT_CONVERSION = YES;
				CLANG_WARN_DEPRECATED_OBJC_IMPLEMENTATIONS = YES;
				CLANG_WARN_DIRECT_OBJC_ISA_USAGE = YES_ERROR;
				CLANG_WARN_EMPTY_BODY = YES;
				CLANG_WARN_ENUM_CONVERSION = YES;
				CLANG_WARN_INFINITE_RECURSION = YES;
				CLANG_WARN_INT_CONVERSION = YES;
				CLANG_WARN_NON_LITERAL_NULL_CONVERSION = YES;
				CLANG_WARN_OBJC_IMPLICIT_RETAIN_SELF = YES;
				CLANG_WARN_OBJC_LITERAL_CONVERSION = YES;
				CLANG_WARN_OBJC_ROOT_CLASS = YES_ERROR;
				CLANG_WARN_RANGE_LOOP_ANALYSIS = YES;
				CLANG_WARN_STRICT_PROTOTYPES = YES;
				CLANG_WARN_SUSPICIOUS_MOVE = YES;
				CLANG_WARN_UNREACHABLE_CODE = YES;
				CLANG_WARN__DUPLICATE_METHOD_MATCH = YES;
				"CODE_SIGN_IDENTITY[sdk=iphoneos*]" = "iPhone Developer";
				COPY_PHASE_STRIP = NO;
				CURRENT_PROJECT_VERSION = 1;
				DEBUG_INFORMATION_FORMAT = "dwarf-with-dsym";
				ENABLE_NS_ASSERTIONS = NO;
				ENABLE_STRICT_OBJC_MSGSEND = YES;
				ENABLE_TESTABILITY = NO;
				GCC_C_LANGUAGE_STANDARD = gnu99;
				GCC_NO_COMMON_BLOCKS = YES;
				GCC_WARN_64_TO_32_BIT_CONVERSION = YES;
				GCC_WARN_ABOUT_RETURN_TYPE = YES_ERROR;
				GCC_WARN_UNDECLARED_SELECTOR = YES;
				GCC_WARN_UNINITIALIZED_AUTOS = YES_AGGRESSIVE;
				GCC_WARN_UNUSED_FUNCTION = YES;
				GCC_WARN_UNUSED_VARIABLE = YES;
				IPHONEOS_DEPLOYMENT_TARGET = 11.4;
				MTL_ENABLE_DEBUG_INFO = NO;
				SDKROOT = iphoneos;
				SWIFT_OPTIMIZATION_LEVEL = "-Owholemodule";
				SWIFT_VERSION = 4.2;
				TARGETED_DEVICE_FAMILY = "1,2";
				VALIDATE_PRODUCT = YES;
				VERSIONING_SYSTEM = "apple-generic";
				VERSION_INFO_PREFIX = "";
			};
			name = Release;
		};
		638C625C1BD454FD0004ECE1 /* Debug */ = {
			isa = XCBuildConfiguration;
			baseConfigurationReference = D5D8E2A7279FA75989658B29 /* Pods-Astro.debug.xcconfig */;
			buildSettings = {
				ALWAYS_EMBED_SWIFT_STANDARD_LIBRARIES = YES;
				CLANG_ENABLE_MODULES = YES;
				CODE_SIGN_IDENTITY = "iPhone Developer";
				"CODE_SIGN_IDENTITY[sdk=iphoneos*]" = "";
				DEFINES_MODULE = YES;
				DYLIB_COMPATIBILITY_VERSION = 1;
				DYLIB_CURRENT_VERSION = 1;
				DYLIB_INSTALL_NAME_BASE = "@rpath";
				INFOPLIST_FILE = Astro/Info.plist;
				INSTALL_PATH = "$(LOCAL_LIBRARY_DIR)/Frameworks";
				LD_RUNPATH_SEARCH_PATHS = "$(inherited) @executable_path/Frameworks @loader_path/Frameworks";
				PRODUCT_BUNDLE_IDENTIFIER = RNP.Astro;
				PRODUCT_NAME = "$(TARGET_NAME)";
				SKIP_INSTALL = YES;
				SWIFT_OPTIMIZATION_LEVEL = "-Onone";
				SWIFT_SWIFT3_OBJC_INFERENCE = Default;
			};
			name = Debug;
		};
		638C625D1BD454FD0004ECE1 /* Release */ = {
			isa = XCBuildConfiguration;
			baseConfigurationReference = BD95704572604E86D00F715F /* Pods-Astro.release.xcconfig */;
			buildSettings = {
				ALWAYS_EMBED_SWIFT_STANDARD_LIBRARIES = YES;
				CLANG_ENABLE_MODULES = YES;
				CODE_SIGN_IDENTITY = "iPhone Developer";
				"CODE_SIGN_IDENTITY[sdk=iphoneos*]" = "";
				DEFINES_MODULE = YES;
				DYLIB_COMPATIBILITY_VERSION = 1;
				DYLIB_CURRENT_VERSION = 1;
				DYLIB_INSTALL_NAME_BASE = "@rpath";
				INFOPLIST_FILE = Astro/Info.plist;
				INSTALL_PATH = "$(LOCAL_LIBRARY_DIR)/Frameworks";
				LD_RUNPATH_SEARCH_PATHS = "$(inherited) @executable_path/Frameworks @loader_path/Frameworks";
				PRODUCT_BUNDLE_IDENTIFIER = RNP.Astro;
				PRODUCT_NAME = "$(TARGET_NAME)";
				SKIP_INSTALL = YES;
				SWIFT_SWIFT3_OBJC_INFERENCE = Default;
			};
			name = Release;
		};
		638C625F1BD454FD0004ECE1 /* Debug */ = {
			isa = XCBuildConfiguration;
			baseConfigurationReference = 7CC6FB4E4A3FE9D093738307 /* Pods-AstroTests.debug.xcconfig */;
			buildSettings = {
				ALWAYS_EMBED_SWIFT_STANDARD_LIBRARIES = "$(inherited)";
				INFOPLIST_FILE = AstroTests/Info.plist;
				LD_RUNPATH_SEARCH_PATHS = "$(inherited) @executable_path/Frameworks @loader_path/Frameworks $(FRAMEWORK_SEARCH_PATHS)";
				PRODUCT_BUNDLE_IDENTIFIER = RNP.AstroTests;
				PRODUCT_NAME = "$(TARGET_NAME)";
				SWIFT_SWIFT3_OBJC_INFERENCE = Default;
			};
			name = Debug;
		};
		638C62601BD454FD0004ECE1 /* Release */ = {
			isa = XCBuildConfiguration;
			baseConfigurationReference = 1FF6722A4F1235471A201686 /* Pods-AstroTests.release.xcconfig */;
			buildSettings = {
				ALWAYS_EMBED_SWIFT_STANDARD_LIBRARIES = "$(inherited)";
				INFOPLIST_FILE = AstroTests/Info.plist;
				LD_RUNPATH_SEARCH_PATHS = "$(inherited) @executable_path/Frameworks @loader_path/Frameworks $(FRAMEWORK_SEARCH_PATHS)";
				PRODUCT_BUNDLE_IDENTIFIER = RNP.AstroTests;
				PRODUCT_NAME = "$(TARGET_NAME)";
				SWIFT_SWIFT3_OBJC_INFERENCE = Default;
			};
			name = Release;
		};
/* End XCBuildConfiguration section */

/* Begin XCConfigurationList section */
		638C62411BD454FD0004ECE1 /* Build configuration list for PBXProject "Astro" */ = {
			isa = XCConfigurationList;
			buildConfigurations = (
				638C62591BD454FD0004ECE1 /* Debug */,
				638C625A1BD454FD0004ECE1 /* Release */,
			);
			defaultConfigurationIsVisible = 0;
			defaultConfigurationName = Release;
		};
		638C625B1BD454FD0004ECE1 /* Build configuration list for PBXNativeTarget "Astro" */ = {
			isa = XCConfigurationList;
			buildConfigurations = (
				638C625C1BD454FD0004ECE1 /* Debug */,
				638C625D1BD454FD0004ECE1 /* Release */,
			);
			defaultConfigurationIsVisible = 0;
			defaultConfigurationName = Release;
		};
		638C625E1BD454FD0004ECE1 /* Build configuration list for PBXNativeTarget "AstroTests" */ = {
			isa = XCConfigurationList;
			buildConfigurations = (
				638C625F1BD454FD0004ECE1 /* Debug */,
				638C62601BD454FD0004ECE1 /* Release */,
			);
			defaultConfigurationIsVisible = 0;
			defaultConfigurationName = Release;
		};
/* End XCConfigurationList section */
	};
	rootObject = 638C623E1BD454FD0004ECE1 /* Project object */;
}
